<?xml version="1.0" encoding="utf-8"?>
<Project ToolsVersion="4.0" xmlns="http://schemas.microsoft.com/developer/msbuild/2003">
  <ItemGroup>
    <Filter Include="소스 파일">
      <UniqueIdentifier>{4FC737F1-C7A5-4376-A066-2A32D752A2FF}</UniqueIdentifier>
      <Extensions>cpp;c;cc;cxx;c++;cppm;ixx;def;odl;idl;hpj;bat;asm;asmx</Extensions>
    </Filter>
    <Filter Include="헤더 파일">
      <UniqueIdentifier>{93995380-89BD-4b04-88EB-625FBE52EBFB}</UniqueIdentifier>
      <Extensions>h;hh;hpp;hxx;h++;hm;inl;inc;ipp;xsd</Extensions>
    </Filter>
    <Filter Include="리소스 파일">
      <UniqueIdentifier>{67DA6AB6-F800-4c08-8B7A-83BB121AAD01}</UniqueIdentifier>
      <Extensions>rc;ico;cur;bmp;dlg;rc2;rct;bin;rgs;gif;jpg;jpeg;jpe;resx;tiff;tif;png;wav;mfcribbon-ms</Extensions>
    </Filter>
    <Filter Include="소스 파일\imgui">
      <UniqueIdentifier>{ce9f08b4-f556-4114-9d97-2d244ca6d4a6}</UniqueIdentifier>
    </Filter>
    <Filter Include="헤더 파일\imgui">
      <UniqueIdentifier>{aa1d093b-335b-44fb-8502-7abbb636ca1e}</UniqueIdentifier>
    </Filter>
  </ItemGroup>
  <ItemGroup>
    <ClCompile Include="glad.c">
      <Filter>소스 파일</Filter>
    </ClCompile>
    <ClCompile Include="glew.c">
      <Filter>소스 파일</Filter>
    </ClCompile>
    <ClCompile Include="..\include\imgui\imgui_widgets.cpp">
      <Filter>소스 파일\imgui</Filter>
    </ClCompile>
    <ClCompile Include="..\include\imgui\imgui.cpp">
      <Filter>소스 파일\imgui</Filter>
    </ClCompile>
    <ClCompile Include="..\include\imgui\imgui_demo.cpp">
      <Filter>소스 파일\imgui</Filter>
    </ClCompile>
    <ClCompile Include="..\include\imgui\imgui_draw.cpp">
      <Filter>소스 파일\imgui</Filter>
    </ClCompile>
    <ClCompile Include="..\include\imgui\imgui_impl_glfw.cpp">
      <Filter>소스 파일\imgui</Filter>
    </ClCompile>
    <ClCompile Include="..\include\imgui\imgui_impl_opengl3.cpp">
      <Filter>소스 파일\imgui</Filter>
    </ClCompile>
    <ClCompile Include="..\include\imgui\imgui_tables.cpp">
      <Filter>소스 파일\imgui</Filter>
    </ClCompile>
    <ClCompile Include="stb.cpp">
      <Filter>소스 파일</Filter>
    </ClCompile>
    <ClCompile Include="..\include\imgui\imgui_impl_glut.cpp">
      <Filter>소스 파일\imgui</Filter>
    </ClCompile>
    <ClCompile Include="..\include\imgui\imgui_impl_opengl2.cpp">
      <Filter>소스 파일\imgui</Filter>
    </ClCompile>
    <ClCompile Include="particleSystem.cpp">
      <Filter>소스 파일</Filter>
    </ClCompile>
    <ClCompile Include="render_particles.cpp">
      <Filter>소스 파일</Filter>
    </ClCompile>
    <ClCompile Include="shaders.cpp">
      <Filter>소스 파일</Filter>
    </ClCompile>
    <ClCompile Include="particles.cpp">
      <Filter>소스 파일</Filter>
    </ClCompile>
  </ItemGroup>
  <ItemGroup>
    <ClInclude Include="..\include\imgui\imstb_truetype.h">
      <Filter>헤더 파일\imgui</Filter>
    </ClInclude>
    <ClInclude Include="..\include\imgui\imconfig.h">
      <Filter>헤더 파일\imgui</Filter>
    </ClInclude>
    <ClInclude Include="..\include\imgui\imgui.h">
      <Filter>헤더 파일\imgui</Filter>
    </ClInclude>
    <ClInclude Include="..\include\imgui\imgui_impl_glfw.h">
      <Filter>헤더 파일\imgui</Filter>
    </ClInclude>
    <ClInclude Include="..\include\imgui\imgui_impl_opengl3.h">
      <Filter>헤더 파일\imgui</Filter>
    </ClInclude>
    <ClInclude Include="..\include\imgui\imgui_internal.h">
      <Filter>헤더 파일\imgui</Filter>
    </ClInclude>
    <ClInclude Include="..\include\imgui\imstb_rectpack.h">
      <Filter>헤더 파일\imgui</Filter>
    </ClInclude>
    <ClInclude Include="..\include\imgui\imstb_textedit.h">
      <Filter>헤더 파일\imgui</Filter>
    </ClInclude>
    <ClInclude Include="..\include\imgui\imgui_impl_glut.h">
      <Filter>헤더 파일\imgui</Filter>
    </ClInclude>
    <ClInclude Include="..\include\imgui\imgui_impl_opengl2.h">
      <Filter>헤더 파일\imgui</Filter>
    </ClInclude>
    <ClInclude Include="particleSystem.h">
      <Filter>헤더 파일</Filter>
    </ClInclude>
    <ClInclude Include="particleSystem.cuh">
      <Filter>헤더 파일</Filter>
    </ClInclude>
    <ClInclude Include="particles_kernel.cuh">
      <Filter>헤더 파일</Filter>
    </ClInclude>
    <ClInclude Include="particles_kernel_impl.cuh">
      <Filter>헤더 파일</Filter>
    </ClInclude>
    <ClInclude Include="render_particles.h">
      <Filter>헤더 파일</Filter>
    </ClInclude>
    <ClInclude Include="shaders.h">
      <Filter>헤더 파일</Filter>
    </ClInclude>
    <ClInclude Include="helper_gl.h">
      <Filter>헤더 파일</Filter>
    </ClInclude>
    <ClInclude Include="helper_timer.h">
      <Filter>헤더 파일</Filter>
    </ClInclude>
    <ClInclude Include="exception.h">
      <Filter>헤더 파일</Filter>
    </ClInclude>
    <ClInclude Include="helper_math.h">
      <Filter>헤더 파일</Filter>
    </ClInclude>
    <ClInclude Include="helper_cuda.h">
      <Filter>헤더 파일</Filter>
    </ClInclude>
    <ClInclude Include="helper_string.h">
      <Filter>헤더 파일</Filter>
    </ClInclude>
    <ClInclude Include="helper_functions.h">
      <Filter>헤더 파일</Filter>
    </ClInclude>
    <ClInclude Include="helper_image.h">
      <Filter>헤더 파일</Filter>
    </ClInclude>
    <ClInclude Include="paramgl.h">
      <Filter>헤더 파일</Filter>
    </ClInclude>
    <ClInclude Include="param.h">
      <Filter>헤더 파일</Filter>
    </ClInclude>
  </ItemGroup>
  <ItemGroup>
    <None Include="packages.config" />
  </ItemGroup>
  <ItemGroup>
    <CudaCompile Include="particleSystem_cuda.cu">
      <Filter>소스 파일</Filter>
    </CudaCompile>
  </ItemGroup>
</Project>